// !$*UTF8*$!
{
	archiveVersion = 1;
	classes = {
	};
	objectVersion = 51;
	objects = {

/* Begin PBXBuildFile section */
		4A8C989899D3E41BCC1BDFB6 /* Pods_Coding_Challenge_Coding_ChallengeUITests.framework in Frameworks */ = {isa = PBXBuildFile; fileRef = 68EA9729611F8750E40463A4 /* Pods_Coding_Challenge_Coding_ChallengeUITests.framework */; };
		BB41198126E3BF3F00969B7D /* AppDelegate.swift in Sources */ = {isa = PBXBuildFile; fileRef = BB41198026E3BF3F00969B7D /* AppDelegate.swift */; };
		BB41198326E3BF3F00969B7D /* SceneDelegate.swift in Sources */ = {isa = PBXBuildFile; fileRef = BB41198226E3BF3F00969B7D /* SceneDelegate.swift */; };
		BB41198526E3BF3F00969B7D /* ViewController.swift in Sources */ = {isa = PBXBuildFile; fileRef = BB41198426E3BF3F00969B7D /* ViewController.swift */; };
		BB41198826E3BF3F00969B7D /* Main.storyboard in Resources */ = {isa = PBXBuildFile; fileRef = BB41198626E3BF3F00969B7D /* Main.storyboard */; };
		BB41198A26E3BF4000969B7D /* Assets.xcassets in Resources */ = {isa = PBXBuildFile; fileRef = BB41198926E3BF4000969B7D /* Assets.xcassets */; };
		BB41198D26E3BF4000969B7D /* LaunchScreen.storyboard in Resources */ = {isa = PBXBuildFile; fileRef = BB41198B26E3BF4000969B7D /* LaunchScreen.storyboard */; };
		BB41199826E3BF4000969B7D /* Coding_ChallengeTests.swift in Sources */ = {isa = PBXBuildFile; fileRef = BB41199726E3BF4000969B7D /* Coding_ChallengeTests.swift */; };
		BB4119A326E3BF4000969B7D /* Coding_ChallengeUITests.swift in Sources */ = {isa = PBXBuildFile; fileRef = BB4119A226E3BF4000969B7D /* Coding_ChallengeUITests.swift */; };
		BB4119B326E4181600969B7D /* Print.swift in Sources */ = {isa = PBXBuildFile; fileRef = BB4119B126E4181600969B7D /* Print.swift */; };
		BB4119B426E4181600969B7D /* ReachabilityHelper.swift in Sources */ = {isa = PBXBuildFile; fileRef = BB4119B226E4181600969B7D /* ReachabilityHelper.swift */; };
		BB4119B726E419D700969B7D /* BaseViewController.swift in Sources */ = {isa = PBXBuildFile; fileRef = BB4119B626E419D700969B7D /* BaseViewController.swift */; };
		BB4119BA26E41A2C00969B7D /* NetworkConstants.swift in Sources */ = {isa = PBXBuildFile; fileRef = BB4119B926E41A2C00969B7D /* NetworkConstants.swift */; };
		BB4119BF26E41B3600969B7D /* UIViewController + Extension.swift in Sources */ = {isa = PBXBuildFile; fileRef = BB4119BC26E41B3600969B7D /* UIViewController + Extension.swift */; };
		BB4119C026E41B3600969B7D /* UIView+Border.swift in Sources */ = {isa = PBXBuildFile; fileRef = BB4119BD26E41B3600969B7D /* UIView+Border.swift */; };
		BB4119C126E41B3600969B7D /* UIView+CornerRadius.swift in Sources */ = {isa = PBXBuildFile; fileRef = BB4119BE26E41B3600969B7D /* UIView+CornerRadius.swift */; };
		BB4119C526E41C2B00969B7D /* TaxiModel.swift in Sources */ = {isa = PBXBuildFile; fileRef = BB4119C426E41C2B00969B7D /* TaxiModel.swift */; };
		BB4119D626E41D1100969B7D /* ParameterEncoding.swift in Sources */ = {isa = PBXBuildFile; fileRef = BB4119C826E41D1100969B7D /* ParameterEncoding.swift */; };
		BB4119D726E41D1100969B7D /* URLParameterEncoding.swift in Sources */ = {isa = PBXBuildFile; fileRef = BB4119C926E41D1100969B7D /* URLParameterEncoding.swift */; };
		BB4119D826E41D1100969B7D /* JSONParameterEncoder.swift in Sources */ = {isa = PBXBuildFile; fileRef = BB4119CA26E41D1100969B7D /* JSONParameterEncoder.swift */; };
		BB4119D926E41D1100969B7D /* NetworkManager.swift in Sources */ = {isa = PBXBuildFile; fileRef = BB4119CC26E41D1100969B7D /* NetworkManager.swift */; };
		BB4119DA26E41D1100969B7D /* TaxiEndPoint.swift in Sources */ = {isa = PBXBuildFile; fileRef = BB4119CE26E41D1100969B7D /* TaxiEndPoint.swift */; };
		BB4119DB26E41D1100969B7D /* HTTPTask.swift in Sources */ = {isa = PBXBuildFile; fileRef = BB4119D026E41D1100969B7D /* HTTPTask.swift */; };
		BB4119DC26E41D1100969B7D /* HTTPMethod.swift in Sources */ = {isa = PBXBuildFile; fileRef = BB4119D126E41D1100969B7D /* HTTPMethod.swift */; };
		BB4119DD26E41D1100969B7D /* Router.swift in Sources */ = {isa = PBXBuildFile; fileRef = BB4119D226E41D1100969B7D /* Router.swift */; };
		BB4119DE26E41D1100969B7D /* NetworkLogger.swift in Sources */ = {isa = PBXBuildFile; fileRef = BB4119D326E41D1100969B7D /* NetworkLogger.swift */; };
		BB4119DF26E41D1100969B7D /* EndPointType.swift in Sources */ = {isa = PBXBuildFile; fileRef = BB4119D426E41D1100969B7D /* EndPointType.swift */; };
		BB4119E826E4448C00969B7D /* TaxiTableViewCell.swift in Sources */ = {isa = PBXBuildFile; fileRef = BB4119E626E4448C00969B7D /* TaxiTableViewCell.swift */; };
		BB4119E926E4448C00969B7D /* TaxiTableViewCell.xib in Resources */ = {isa = PBXBuildFile; fileRef = BB4119E726E4448C00969B7D /* TaxiTableViewCell.xib */; };
		BB4119EB26E45CFB00969B7D /* TaxiCellViewModel.swift in Sources */ = {isa = PBXBuildFile; fileRef = BB4119EA26E45CFB00969B7D /* TaxiCellViewModel.swift */; };
		BB4119EF26E4C1C100969B7D /* TaxiMapViewController.swift in Sources */ = {isa = PBXBuildFile; fileRef = BB4119EE26E4C1C100969B7D /* TaxiMapViewController.swift */; };
		BB4119F126E4C27400969B7D /* TaxiViewModel.swift in Sources */ = {isa = PBXBuildFile; fileRef = BB4119F026E4C27400969B7D /* TaxiViewModel.swift */; };
		BB4119F326E4C35600969B7D /* BaseViewModel.swift in Sources */ = {isa = PBXBuildFile; fileRef = BB4119F226E4C35600969B7D /* BaseViewModel.swift */; };
		D08054FE080FC283D1309046 /* Pods_Coding_ChallengeTests.framework in Frameworks */ = {isa = PBXBuildFile; fileRef = 1196EEF66D584FFBC6373EA7 /* Pods_Coding_ChallengeTests.framework */; };
		E4DC0B82CDC7C77540A74180 /* Pods_Coding_Challenge.framework in Frameworks */ = {isa = PBXBuildFile; fileRef = C69856A6908889E251B786C0 /* Pods_Coding_Challenge.framework */; };
/* End PBXBuildFile section */

/* Begin PBXContainerItemProxy section */
		BB41199426E3BF4000969B7D /* PBXContainerItemProxy */ = {
			isa = PBXContainerItemProxy;
			containerPortal = BB41197526E3BF3F00969B7D /* Project object */;
			proxyType = 1;
			remoteGlobalIDString = BB41197C26E3BF3F00969B7D;
			remoteInfo = "Coding-Challenge";
		};
		BB41199F26E3BF4000969B7D /* PBXContainerItemProxy */ = {
			isa = PBXContainerItemProxy;
			containerPortal = BB41197526E3BF3F00969B7D /* Project object */;
			proxyType = 1;
			remoteGlobalIDString = BB41197C26E3BF3F00969B7D;
			remoteInfo = "Coding-Challenge";
		};
/* End PBXContainerItemProxy section */

/* Begin PBXFileReference section */
		1196EEF66D584FFBC6373EA7 /* Pods_Coding_ChallengeTests.framework */ = {isa = PBXFileReference; explicitFileType = wrapper.framework; includeInIndex = 0; path = Pods_Coding_ChallengeTests.framework; sourceTree = BUILT_PRODUCTS_DIR; };
		398326C798803F8F9FEA990E /* Pods-Coding-Challenge-Coding-ChallengeUITests.release.xcconfig */ = {isa = PBXFileReference; includeInIndex = 1; lastKnownFileType = text.xcconfig; name = "Pods-Coding-Challenge-Coding-ChallengeUITests.release.xcconfig"; path = "Target Support Files/Pods-Coding-Challenge-Coding-ChallengeUITests/Pods-Coding-Challenge-Coding-ChallengeUITests.release.xcconfig"; sourceTree = "<group>"; };
		405BD46207DA668CA18D5906 /* Pods-Coding-Challenge-Coding-ChallengeUITests.debug.xcconfig */ = {isa = PBXFileReference; includeInIndex = 1; lastKnownFileType = text.xcconfig; name = "Pods-Coding-Challenge-Coding-ChallengeUITests.debug.xcconfig"; path = "Target Support Files/Pods-Coding-Challenge-Coding-ChallengeUITests/Pods-Coding-Challenge-Coding-ChallengeUITests.debug.xcconfig"; sourceTree = "<group>"; };
		68EA9729611F8750E40463A4 /* Pods_Coding_Challenge_Coding_ChallengeUITests.framework */ = {isa = PBXFileReference; explicitFileType = wrapper.framework; includeInIndex = 0; path = Pods_Coding_Challenge_Coding_ChallengeUITests.framework; sourceTree = BUILT_PRODUCTS_DIR; };
		6D1FE53AFCCA67B2D54515B7 /* Pods-Coding-Challenge.debug.xcconfig */ = {isa = PBXFileReference; includeInIndex = 1; lastKnownFileType = text.xcconfig; name = "Pods-Coding-Challenge.debug.xcconfig"; path = "Target Support Files/Pods-Coding-Challenge/Pods-Coding-Challenge.debug.xcconfig"; sourceTree = "<group>"; };
		8F7D432B98CB8C32F85EB016 /* Pods-Coding-Challenge.release.xcconfig */ = {isa = PBXFileReference; includeInIndex = 1; lastKnownFileType = text.xcconfig; name = "Pods-Coding-Challenge.release.xcconfig"; path = "Target Support Files/Pods-Coding-Challenge/Pods-Coding-Challenge.release.xcconfig"; sourceTree = "<group>"; };
		B9D73229716EA8A4AAD60F9C /* Pods-Coding-ChallengeTests.release.xcconfig */ = {isa = PBXFileReference; includeInIndex = 1; lastKnownFileType = text.xcconfig; name = "Pods-Coding-ChallengeTests.release.xcconfig"; path = "Target Support Files/Pods-Coding-ChallengeTests/Pods-Coding-ChallengeTests.release.xcconfig"; sourceTree = "<group>"; };
		BB41197D26E3BF3F00969B7D /* Coding-Challenge.app */ = {isa = PBXFileReference; explicitFileType = wrapper.application; includeInIndex = 0; path = "Coding-Challenge.app"; sourceTree = BUILT_PRODUCTS_DIR; };
		BB41198026E3BF3F00969B7D /* AppDelegate.swift */ = {isa = PBXFileReference; lastKnownFileType = sourcecode.swift; path = AppDelegate.swift; sourceTree = "<group>"; };
		BB41198226E3BF3F00969B7D /* SceneDelegate.swift */ = {isa = PBXFileReference; lastKnownFileType = sourcecode.swift; path = SceneDelegate.swift; sourceTree = "<group>"; };
		BB41198426E3BF3F00969B7D /* ViewController.swift */ = {isa = PBXFileReference; lastKnownFileType = sourcecode.swift; path = ViewController.swift; sourceTree = "<group>"; };
		BB41198726E3BF3F00969B7D /* Base */ = {isa = PBXFileReference; lastKnownFileType = file.storyboard; name = Base; path = Base.lproj/Main.storyboard; sourceTree = "<group>"; };
		BB41198926E3BF4000969B7D /* Assets.xcassets */ = {isa = PBXFileReference; lastKnownFileType = folder.assetcatalog; path = Assets.xcassets; sourceTree = "<group>"; };
		BB41198C26E3BF4000969B7D /* Base */ = {isa = PBXFileReference; lastKnownFileType = file.storyboard; name = Base; path = Base.lproj/LaunchScreen.storyboard; sourceTree = "<group>"; };
		BB41198E26E3BF4000969B7D /* Info.plist */ = {isa = PBXFileReference; lastKnownFileType = text.plist.xml; path = Info.plist; sourceTree = "<group>"; };
		BB41199326E3BF4000969B7D /* Coding-ChallengeTests.xctest */ = {isa = PBXFileReference; explicitFileType = wrapper.cfbundle; includeInIndex = 0; path = "Coding-ChallengeTests.xctest"; sourceTree = BUILT_PRODUCTS_DIR; };
		BB41199726E3BF4000969B7D /* Coding_ChallengeTests.swift */ = {isa = PBXFileReference; lastKnownFileType = sourcecode.swift; path = Coding_ChallengeTests.swift; sourceTree = "<group>"; };
		BB41199926E3BF4000969B7D /* Info.plist */ = {isa = PBXFileReference; lastKnownFileType = text.plist.xml; path = Info.plist; sourceTree = "<group>"; };
		BB41199E26E3BF4000969B7D /* Coding-ChallengeUITests.xctest */ = {isa = PBXFileReference; explicitFileType = wrapper.cfbundle; includeInIndex = 0; path = "Coding-ChallengeUITests.xctest"; sourceTree = BUILT_PRODUCTS_DIR; };
		BB4119A226E3BF4000969B7D /* Coding_ChallengeUITests.swift */ = {isa = PBXFileReference; lastKnownFileType = sourcecode.swift; path = Coding_ChallengeUITests.swift; sourceTree = "<group>"; };
		BB4119A426E3BF4000969B7D /* Info.plist */ = {isa = PBXFileReference; lastKnownFileType = text.plist.xml; path = Info.plist; sourceTree = "<group>"; };
		BB4119B126E4181600969B7D /* Print.swift */ = {isa = PBXFileReference; fileEncoding = 4; lastKnownFileType = sourcecode.swift; path = Print.swift; sourceTree = "<group>"; };
		BB4119B226E4181600969B7D /* ReachabilityHelper.swift */ = {isa = PBXFileReference; fileEncoding = 4; lastKnownFileType = sourcecode.swift; path = ReachabilityHelper.swift; sourceTree = "<group>"; };
		BB4119B626E419D700969B7D /* BaseViewController.swift */ = {isa = PBXFileReference; fileEncoding = 4; lastKnownFileType = sourcecode.swift; path = BaseViewController.swift; sourceTree = "<group>"; };
		BB4119B926E41A2C00969B7D /* NetworkConstants.swift */ = {isa = PBXFileReference; fileEncoding = 4; lastKnownFileType = sourcecode.swift; path = NetworkConstants.swift; sourceTree = "<group>"; };
		BB4119BC26E41B3600969B7D /* UIViewController + Extension.swift */ = {isa = PBXFileReference; fileEncoding = 4; lastKnownFileType = sourcecode.swift; path = "UIViewController + Extension.swift"; sourceTree = "<group>"; };
		BB4119BD26E41B3600969B7D /* UIView+Border.swift */ = {isa = PBXFileReference; fileEncoding = 4; lastKnownFileType = sourcecode.swift; path = "UIView+Border.swift"; sourceTree = "<group>"; };
		BB4119BE26E41B3600969B7D /* UIView+CornerRadius.swift */ = {isa = PBXFileReference; fileEncoding = 4; lastKnownFileType = sourcecode.swift; path = "UIView+CornerRadius.swift"; sourceTree = "<group>"; };
		BB4119C426E41C2B00969B7D /* TaxiModel.swift */ = {isa = PBXFileReference; lastKnownFileType = sourcecode.swift; path = TaxiModel.swift; sourceTree = "<group>"; };
		BB4119C826E41D1100969B7D /* ParameterEncoding.swift */ = {isa = PBXFileReference; fileEncoding = 4; lastKnownFileType = sourcecode.swift; path = ParameterEncoding.swift; sourceTree = "<group>"; };
		BB4119C926E41D1100969B7D /* URLParameterEncoding.swift */ = {isa = PBXFileReference; fileEncoding = 4; lastKnownFileType = sourcecode.swift; path = URLParameterEncoding.swift; sourceTree = "<group>"; };
		BB4119CA26E41D1100969B7D /* JSONParameterEncoder.swift */ = {isa = PBXFileReference; fileEncoding = 4; lastKnownFileType = sourcecode.swift; path = JSONParameterEncoder.swift; sourceTree = "<group>"; };
		BB4119CC26E41D1100969B7D /* NetworkManager.swift */ = {isa = PBXFileReference; fileEncoding = 4; lastKnownFileType = sourcecode.swift; path = NetworkManager.swift; sourceTree = "<group>"; };
		BB4119CE26E41D1100969B7D /* TaxiEndPoint.swift */ = {isa = PBXFileReference; fileEncoding = 4; lastKnownFileType = sourcecode.swift; path = TaxiEndPoint.swift; sourceTree = "<group>"; };
		BB4119D026E41D1100969B7D /* HTTPTask.swift */ = {isa = PBXFileReference; fileEncoding = 4; lastKnownFileType = sourcecode.swift; path = HTTPTask.swift; sourceTree = "<group>"; };
		BB4119D126E41D1100969B7D /* HTTPMethod.swift */ = {isa = PBXFileReference; fileEncoding = 4; lastKnownFileType = sourcecode.swift; path = HTTPMethod.swift; sourceTree = "<group>"; };
		BB4119D226E41D1100969B7D /* Router.swift */ = {isa = PBXFileReference; fileEncoding = 4; lastKnownFileType = sourcecode.swift; path = Router.swift; sourceTree = "<group>"; };
		BB4119D326E41D1100969B7D /* NetworkLogger.swift */ = {isa = PBXFileReference; fileEncoding = 4; lastKnownFileType = sourcecode.swift; path = NetworkLogger.swift; sourceTree = "<group>"; };
		BB4119D426E41D1100969B7D /* EndPointType.swift */ = {isa = PBXFileReference; fileEncoding = 4; lastKnownFileType = sourcecode.swift; path = EndPointType.swift; sourceTree = "<group>"; };
		BB4119E626E4448C00969B7D /* TaxiTableViewCell.swift */ = {isa = PBXFileReference; lastKnownFileType = sourcecode.swift; path = TaxiTableViewCell.swift; sourceTree = "<group>"; };
		BB4119E726E4448C00969B7D /* TaxiTableViewCell.xib */ = {isa = PBXFileReference; lastKnownFileType = file.xib; path = TaxiTableViewCell.xib; sourceTree = "<group>"; };
		BB4119EA26E45CFB00969B7D /* TaxiCellViewModel.swift */ = {isa = PBXFileReference; lastKnownFileType = sourcecode.swift; path = TaxiCellViewModel.swift; sourceTree = "<group>"; };
		BB4119EE26E4C1C100969B7D /* TaxiMapViewController.swift */ = {isa = PBXFileReference; lastKnownFileType = sourcecode.swift; path = TaxiMapViewController.swift; sourceTree = "<group>"; };
		BB4119F026E4C27400969B7D /* TaxiViewModel.swift */ = {isa = PBXFileReference; lastKnownFileType = sourcecode.swift; path = TaxiViewModel.swift; sourceTree = "<group>"; };
		BB4119F226E4C35600969B7D /* BaseViewModel.swift */ = {isa = PBXFileReference; fileEncoding = 4; lastKnownFileType = sourcecode.swift; path = BaseViewModel.swift; sourceTree = "<group>"; };
		C69856A6908889E251B786C0 /* Pods_Coding_Challenge.framework */ = {isa = PBXFileReference; explicitFileType = wrapper.framework; includeInIndex = 0; path = Pods_Coding_Challenge.framework; sourceTree = BUILT_PRODUCTS_DIR; };
		DF36F09B48E6FD0D958113E6 /* Pods-Coding-ChallengeTests.debug.xcconfig */ = {isa = PBXFileReference; includeInIndex = 1; lastKnownFileType = text.xcconfig; name = "Pods-Coding-ChallengeTests.debug.xcconfig"; path = "Target Support Files/Pods-Coding-ChallengeTests/Pods-Coding-ChallengeTests.debug.xcconfig"; sourceTree = "<group>"; };
/* End PBXFileReference section */

/* Begin PBXFrameworksBuildPhase section */
		BB41197A26E3BF3F00969B7D /* Frameworks */ = {
			isa = PBXFrameworksBuildPhase;
			buildActionMask = 2147483647;
			files = (
				E4DC0B82CDC7C77540A74180 /* Pods_Coding_Challenge.framework in Frameworks */,
			);
			runOnlyForDeploymentPostprocessing = 0;
		};
		BB41199026E3BF4000969B7D /* Frameworks */ = {
			isa = PBXFrameworksBuildPhase;
			buildActionMask = 2147483647;
			files = (
				D08054FE080FC283D1309046 /* Pods_Coding_ChallengeTests.framework in Frameworks */,
			);
			runOnlyForDeploymentPostprocessing = 0;
		};
		BB41199B26E3BF4000969B7D /* Frameworks */ = {
			isa = PBXFrameworksBuildPhase;
			buildActionMask = 2147483647;
			files = (
				4A8C989899D3E41BCC1BDFB6 /* Pods_Coding_Challenge_Coding_ChallengeUITests.framework in Frameworks */,
			);
			runOnlyForDeploymentPostprocessing = 0;
		};
/* End PBXFrameworksBuildPhase section */

/* Begin PBXGroup section */
		7CA6C484612F973C42A54433 /* Pods */ = {
			isa = PBXGroup;
			children = (
				6D1FE53AFCCA67B2D54515B7 /* Pods-Coding-Challenge.debug.xcconfig */,
				8F7D432B98CB8C32F85EB016 /* Pods-Coding-Challenge.release.xcconfig */,
				405BD46207DA668CA18D5906 /* Pods-Coding-Challenge-Coding-ChallengeUITests.debug.xcconfig */,
				398326C798803F8F9FEA990E /* Pods-Coding-Challenge-Coding-ChallengeUITests.release.xcconfig */,
				DF36F09B48E6FD0D958113E6 /* Pods-Coding-ChallengeTests.debug.xcconfig */,
				B9D73229716EA8A4AAD60F9C /* Pods-Coding-ChallengeTests.release.xcconfig */,
			);
			path = Pods;
			sourceTree = "<group>";
		};
		BB41197426E3BF3F00969B7D = {
			isa = PBXGroup;
			children = (
				BB41197F26E3BF3F00969B7D /* Coding-Challenge */,
				BB41199626E3BF4000969B7D /* Coding-ChallengeTests */,
				BB4119A126E3BF4000969B7D /* Coding-ChallengeUITests */,
				BB41197E26E3BF3F00969B7D /* Products */,
				7CA6C484612F973C42A54433 /* Pods */,
				DCA8BDE7C1AD9053B407C454 /* Frameworks */,
			);
			sourceTree = "<group>";
		};
		BB41197E26E3BF3F00969B7D /* Products */ = {
			isa = PBXGroup;
			children = (
				BB41197D26E3BF3F00969B7D /* Coding-Challenge.app */,
				BB41199326E3BF4000969B7D /* Coding-ChallengeTests.xctest */,
				BB41199E26E3BF4000969B7D /* Coding-ChallengeUITests.xctest */,
			);
			name = Products;
			sourceTree = "<group>";
		};
		BB41197F26E3BF3F00969B7D /* Coding-Challenge */ = {
			isa = PBXGroup;
			children = (
				BB4119E126E437E700969B7D /* Modules */,
				BB4119C326E41C1900969B7D /* Model */,
				BB4119C226E41B7600969B7D /* Main */,
				BB4119BB26E41B3600969B7D /* Extentions */,
				BB4119B826E41A2C00969B7D /* Constants */,
				BB4119B526E419D700969B7D /* Base */,
				BB4119B026E4181600969B7D /* Helper */,
				BB4119C626E41D1100969B7D /* Networking */,
				BB41198926E3BF4000969B7D /* Assets.xcassets */,
				BB41198B26E3BF4000969B7D /* LaunchScreen.storyboard */,
				BB41198E26E3BF4000969B7D /* Info.plist */,
			);
			path = "Coding-Challenge";
			sourceTree = "<group>";
		};
		BB41199626E3BF4000969B7D /* Coding-ChallengeTests */ = {
			isa = PBXGroup;
			children = (
				BB41199726E3BF4000969B7D /* Coding_ChallengeTests.swift */,
				BB41199926E3BF4000969B7D /* Info.plist */,
			);
			path = "Coding-ChallengeTests";
			sourceTree = "<group>";
		};
		BB4119A126E3BF4000969B7D /* Coding-ChallengeUITests */ = {
			isa = PBXGroup;
			children = (
				BB4119A226E3BF4000969B7D /* Coding_ChallengeUITests.swift */,
				BB4119A426E3BF4000969B7D /* Info.plist */,
			);
			path = "Coding-ChallengeUITests";
			sourceTree = "<group>";
		};
		BB4119B026E4181600969B7D /* Helper */ = {
			isa = PBXGroup;
			children = (
				BB4119B126E4181600969B7D /* Print.swift */,
				BB4119B226E4181600969B7D /* ReachabilityHelper.swift */,
			);
			path = Helper;
			sourceTree = "<group>";
		};
		BB4119B526E419D700969B7D /* Base */ = {
			isa = PBXGroup;
			children = (
				BB4119F226E4C35600969B7D /* BaseViewModel.swift */,
				BB4119B626E419D700969B7D /* BaseViewController.swift */,
			);
			path = Base;
			sourceTree = "<group>";
		};
		BB4119B826E41A2C00969B7D /* Constants */ = {
			isa = PBXGroup;
			children = (
				BB4119B926E41A2C00969B7D /* NetworkConstants.swift */,
			);
			path = Constants;
			sourceTree = "<group>";
		};
		BB4119BB26E41B3600969B7D /* Extentions */ = {
			isa = PBXGroup;
			children = (
				BB4119BC26E41B3600969B7D /* UIViewController + Extension.swift */,
				BB4119BD26E41B3600969B7D /* UIView+Border.swift */,
				BB4119BE26E41B3600969B7D /* UIView+CornerRadius.swift */,
			);
			path = Extentions;
			sourceTree = "<group>";
		};
		BB4119C226E41B7600969B7D /* Main */ = {
			isa = PBXGroup;
			children = (
				BB41198026E3BF3F00969B7D /* AppDelegate.swift */,
				BB41198226E3BF3F00969B7D /* SceneDelegate.swift */,
				BB41198426E3BF3F00969B7D /* ViewController.swift */,
				BB41198626E3BF3F00969B7D /* Main.storyboard */,
			);
			path = Main;
			sourceTree = "<group>";
		};
		BB4119C326E41C1900969B7D /* Model */ = {
			isa = PBXGroup;
			children = (
				BB4119C426E41C2B00969B7D /* TaxiModel.swift */,
			);
			path = Model;
			sourceTree = "<group>";
		};
		BB4119C626E41D1100969B7D /* Networking */ = {
			isa = PBXGroup;
			children = (
				BB4119C726E41D1100969B7D /* Encoding */,
				BB4119CB26E41D1100969B7D /* Manager */,
				BB4119CD26E41D1100969B7D /* EndPoint */,
				BB4119CF26E41D1100969B7D /* Service */,
			);
			path = Networking;
			sourceTree = "<group>";
		};
		BB4119C726E41D1100969B7D /* Encoding */ = {
			isa = PBXGroup;
			children = (
				BB4119C826E41D1100969B7D /* ParameterEncoding.swift */,
				BB4119C926E41D1100969B7D /* URLParameterEncoding.swift */,
				BB4119CA26E41D1100969B7D /* JSONParameterEncoder.swift */,
			);
			path = Encoding;
			sourceTree = "<group>";
		};
		BB4119CB26E41D1100969B7D /* Manager */ = {
			isa = PBXGroup;
			children = (
				BB4119CC26E41D1100969B7D /* NetworkManager.swift */,
			);
			path = Manager;
			sourceTree = "<group>";
		};
		BB4119CD26E41D1100969B7D /* EndPoint */ = {
			isa = PBXGroup;
			children = (
				BB4119CE26E41D1100969B7D /* TaxiEndPoint.swift */,
			);
			path = EndPoint;
			sourceTree = "<group>";
		};
		BB4119CF26E41D1100969B7D /* Service */ = {
			isa = PBXGroup;
			children = (
				BB4119D026E41D1100969B7D /* HTTPTask.swift */,
				BB4119D126E41D1100969B7D /* HTTPMethod.swift */,
				BB4119D226E41D1100969B7D /* Router.swift */,
				BB4119D326E41D1100969B7D /* NetworkLogger.swift */,
				BB4119D426E41D1100969B7D /* EndPointType.swift */,
			);
			path = Service;
			sourceTree = "<group>";
		};
		BB4119E126E437E700969B7D /* Modules */ = {
			isa = PBXGroup;
			children = (
				BB4119EC26E4C15600969B7D /* TaxiMap */,
				BB4119E226E437F800969B7D /* TaxiList */,
			);
			path = Modules;
			sourceTree = "<group>";
		};
		BB4119E226E437F800969B7D /* TaxiList */ = {
			isa = PBXGroup;
			children = (
				BB4119E426E4382600969B7D /* ViewModel */,
				BB4119E326E4381F00969B7D /* View */,
			);
			path = TaxiList;
			sourceTree = "<group>";
		};
		BB4119E326E4381F00969B7D /* View */ = {
			isa = PBXGroup;
			children = (
				BB4119E526E4445400969B7D /* Cell */,
			);
			path = View;
			sourceTree = "<group>";
		};
		BB4119E426E4382600969B7D /* ViewModel */ = {
			isa = PBXGroup;
			children = (
				BB4119EA26E45CFB00969B7D /* TaxiCellViewModel.swift */,
				BB4119F026E4C27400969B7D /* TaxiViewModel.swift */,
			);
			path = ViewModel;
			sourceTree = "<group>";
		};
		BB4119E526E4445400969B7D /* Cell */ = {
			isa = PBXGroup;
			children = (
				BB4119E626E4448C00969B7D /* TaxiTableViewCell.swift */,
				BB4119E726E4448C00969B7D /* TaxiTableViewCell.xib */,
			);
			path = Cell;
			sourceTree = "<group>";
		};
		BB4119EC26E4C15600969B7D /* TaxiMap */ = {
			isa = PBXGroup;
			children = (
				BB4119ED26E4C16400969B7D /* View */,
			);
			path = TaxiMap;
			sourceTree = "<group>";
		};
		BB4119ED26E4C16400969B7D /* View */ = {
			isa = PBXGroup;
			children = (
				BB4119EE26E4C1C100969B7D /* TaxiMapViewController.swift */,
			);
			path = View;
			sourceTree = "<group>";
		};
		DCA8BDE7C1AD9053B407C454 /* Frameworks */ = {
			isa = PBXGroup;
			children = (
				C69856A6908889E251B786C0 /* Pods_Coding_Challenge.framework */,
				68EA9729611F8750E40463A4 /* Pods_Coding_Challenge_Coding_ChallengeUITests.framework */,
				1196EEF66D584FFBC6373EA7 /* Pods_Coding_ChallengeTests.framework */,
			);
			name = Frameworks;
			sourceTree = "<group>";
		};
/* End PBXGroup section */

/* Begin PBXNativeTarget section */
		BB41197C26E3BF3F00969B7D /* Coding-Challenge */ = {
			isa = PBXNativeTarget;
			buildConfigurationList = BB4119A726E3BF4000969B7D /* Build configuration list for PBXNativeTarget "Coding-Challenge" */;
			buildPhases = (
				B92DEF6E3139E5CBB6783BBD /* [CP] Check Pods Manifest.lock */,
				BB41197926E3BF3F00969B7D /* Sources */,
				BB41197A26E3BF3F00969B7D /* Frameworks */,
				BB41197B26E3BF3F00969B7D /* Resources */,
				48B1966E7C9A60EF381AE6E8 /* [CP] Embed Pods Frameworks */,
			);
			buildRules = (
			);
			dependencies = (
			);
			name = "Coding-Challenge";
			productName = "Coding-Challenge";
			productReference = BB41197D26E3BF3F00969B7D /* Coding-Challenge.app */;
			productType = "com.apple.product-type.application";
		};
		BB41199226E3BF4000969B7D /* Coding-ChallengeTests */ = {
			isa = PBXNativeTarget;
			buildConfigurationList = BB4119AA26E3BF4000969B7D /* Build configuration list for PBXNativeTarget "Coding-ChallengeTests" */;
			buildPhases = (
				7658210DDB7ECDD1A524902D /* [CP] Check Pods Manifest.lock */,
				BB41198F26E3BF4000969B7D /* Sources */,
				BB41199026E3BF4000969B7D /* Frameworks */,
				BB41199126E3BF4000969B7D /* Resources */,
			);
			buildRules = (
			);
			dependencies = (
				BB41199526E3BF4000969B7D /* PBXTargetDependency */,
			);
			name = "Coding-ChallengeTests";
			productName = "Coding-ChallengeTests";
			productReference = BB41199326E3BF4000969B7D /* Coding-ChallengeTests.xctest */;
			productType = "com.apple.product-type.bundle.unit-test";
		};
		BB41199D26E3BF4000969B7D /* Coding-ChallengeUITests */ = {
			isa = PBXNativeTarget;
			buildConfigurationList = BB4119AD26E3BF4000969B7D /* Build configuration list for PBXNativeTarget "Coding-ChallengeUITests" */;
			buildPhases = (
				2623C0739F6A499A94BD834B /* [CP] Check Pods Manifest.lock */,
				BB41199A26E3BF4000969B7D /* Sources */,
				BB41199B26E3BF4000969B7D /* Frameworks */,
				BB41199C26E3BF4000969B7D /* Resources */,
				96D65F277C2CDB35475EA02C /* [CP] Embed Pods Frameworks */,
			);
			buildRules = (
			);
			dependencies = (
				BB4119A026E3BF4000969B7D /* PBXTargetDependency */,
			);
			name = "Coding-ChallengeUITests";
			productName = "Coding-ChallengeUITests";
			productReference = BB41199E26E3BF4000969B7D /* Coding-ChallengeUITests.xctest */;
			productType = "com.apple.product-type.bundle.ui-testing";
		};
/* End PBXNativeTarget section */

/* Begin PBXProject section */
		BB41197526E3BF3F00969B7D /* Project object */ = {
			isa = PBXProject;
			attributes = {
				LastSwiftUpdateCheck = 1250;
				LastUpgradeCheck = 1250;
				TargetAttributes = {
					BB41197C26E3BF3F00969B7D = {
						CreatedOnToolsVersion = 12.5.1;
					};
					BB41199226E3BF4000969B7D = {
						CreatedOnToolsVersion = 12.5.1;
						TestTargetID = BB41197C26E3BF3F00969B7D;
					};
					BB41199D26E3BF4000969B7D = {
						CreatedOnToolsVersion = 12.5.1;
						TestTargetID = BB41197C26E3BF3F00969B7D;
					};
				};
			};
			buildConfigurationList = BB41197826E3BF3F00969B7D /* Build configuration list for PBXProject "Coding-Challenge" */;
			compatibilityVersion = "Xcode 9.3";
			developmentRegion = en;
			hasScannedForEncodings = 0;
			knownRegions = (
				en,
				Base,
			);
			mainGroup = BB41197426E3BF3F00969B7D;
			productRefGroup = BB41197E26E3BF3F00969B7D /* Products */;
			projectDirPath = "";
			projectRoot = "";
			targets = (
				BB41197C26E3BF3F00969B7D /* Coding-Challenge */,
				BB41199226E3BF4000969B7D /* Coding-ChallengeTests */,
				BB41199D26E3BF4000969B7D /* Coding-ChallengeUITests */,
			);
		};
/* End PBXProject section */

/* Begin PBXResourcesBuildPhase section */
		BB41197B26E3BF3F00969B7D /* Resources */ = {
			isa = PBXResourcesBuildPhase;
			buildActionMask = 2147483647;
			files = (
				BB41198D26E3BF4000969B7D /* LaunchScreen.storyboard in Resources */,
				BB41198A26E3BF4000969B7D /* Assets.xcassets in Resources */,
				BB41198826E3BF3F00969B7D /* Main.storyboard in Resources */,
				BB4119E926E4448C00969B7D /* TaxiTableViewCell.xib in Resources */,
			);
			runOnlyForDeploymentPostprocessing = 0;
		};
		BB41199126E3BF4000969B7D /* Resources */ = {
			isa = PBXResourcesBuildPhase;
			buildActionMask = 2147483647;
			files = (
			);
			runOnlyForDeploymentPostprocessing = 0;
		};
		BB41199C26E3BF4000969B7D /* Resources */ = {
			isa = PBXResourcesBuildPhase;
			buildActionMask = 2147483647;
			files = (
			);
			runOnlyForDeploymentPostprocessing = 0;
		};
/* End PBXResourcesBuildPhase section */

/* Begin PBXShellScriptBuildPhase section */
		2623C0739F6A499A94BD834B /* [CP] Check Pods Manifest.lock */ = {
			isa = PBXShellScriptBuildPhase;
			buildActionMask = 2147483647;
			files = (
			);
			inputFileListPaths = (
			);
			inputPaths = (
				"${PODS_PODFILE_DIR_PATH}/Podfile.lock",
				"${PODS_ROOT}/Manifest.lock",
			);
			name = "[CP] Check Pods Manifest.lock";
			outputFileListPaths = (
			);
			outputPaths = (
				"$(DERIVED_FILE_DIR)/Pods-Coding-Challenge-Coding-ChallengeUITests-checkManifestLockResult.txt",
			);
			runOnlyForDeploymentPostprocessing = 0;
			shellPath = /bin/sh;
			shellScript = "diff \"${PODS_PODFILE_DIR_PATH}/Podfile.lock\" \"${PODS_ROOT}/Manifest.lock\" > /dev/null\nif [ $? != 0 ] ; then\n    # print error to STDERR\n    echo \"error: The sandbox is not in sync with the Podfile.lock. Run 'pod install' or update your CocoaPods installation.\" >&2\n    exit 1\nfi\n# This output is used by Xcode 'outputs' to avoid re-running this script phase.\necho \"SUCCESS\" > \"${SCRIPT_OUTPUT_FILE_0}\"\n";
			showEnvVarsInLog = 0;
		};
		48B1966E7C9A60EF381AE6E8 /* [CP] Embed Pods Frameworks */ = {
			isa = PBXShellScriptBuildPhase;
			buildActionMask = 2147483647;
			files = (
			);
			inputFileListPaths = (
				"${PODS_ROOT}/Target Support Files/Pods-Coding-Challenge/Pods-Coding-Challenge-frameworks-${CONFIGURATION}-input-files.xcfilelist",
			);
			name = "[CP] Embed Pods Frameworks";
			outputFileListPaths = (
				"${PODS_ROOT}/Target Support Files/Pods-Coding-Challenge/Pods-Coding-Challenge-frameworks-${CONFIGURATION}-output-files.xcfilelist",
			);
			runOnlyForDeploymentPostprocessing = 0;
			shellPath = /bin/sh;
			shellScript = "\"${PODS_ROOT}/Target Support Files/Pods-Coding-Challenge/Pods-Coding-Challenge-frameworks.sh\"\n";
			showEnvVarsInLog = 0;
		};
		7658210DDB7ECDD1A524902D /* [CP] Check Pods Manifest.lock */ = {
			isa = PBXShellScriptBuildPhase;
			buildActionMask = 2147483647;
			files = (
			);
			inputFileListPaths = (
			);
			inputPaths = (
				"${PODS_PODFILE_DIR_PATH}/Podfile.lock",
				"${PODS_ROOT}/Manifest.lock",
			);
			name = "[CP] Check Pods Manifest.lock";
			outputFileListPaths = (
			);
			outputPaths = (
				"$(DERIVED_FILE_DIR)/Pods-Coding-ChallengeTests-checkManifestLockResult.txt",
			);
			runOnlyForDeploymentPostprocessing = 0;
			shellPath = /bin/sh;
			shellScript = "diff \"${PODS_PODFILE_DIR_PATH}/Podfile.lock\" \"${PODS_ROOT}/Manifest.lock\" > /dev/null\nif [ $? != 0 ] ; then\n    # print error to STDERR\n    echo \"error: The sandbox is not in sync with the Podfile.lock. Run 'pod install' or update your CocoaPods installation.\" >&2\n    exit 1\nfi\n# This output is used by Xcode 'outputs' to avoid re-running this script phase.\necho \"SUCCESS\" > \"${SCRIPT_OUTPUT_FILE_0}\"\n";
			showEnvVarsInLog = 0;
		};
		96D65F277C2CDB35475EA02C /* [CP] Embed Pods Frameworks */ = {
			isa = PBXShellScriptBuildPhase;
			buildActionMask = 2147483647;
			files = (
			);
			inputFileListPaths = (
				"${PODS_ROOT}/Target Support Files/Pods-Coding-Challenge-Coding-ChallengeUITests/Pods-Coding-Challenge-Coding-ChallengeUITests-frameworks-${CONFIGURATION}-input-files.xcfilelist",
			);
			name = "[CP] Embed Pods Frameworks";
			outputFileListPaths = (
				"${PODS_ROOT}/Target Support Files/Pods-Coding-Challenge-Coding-ChallengeUITests/Pods-Coding-Challenge-Coding-ChallengeUITests-frameworks-${CONFIGURATION}-output-files.xcfilelist",
			);
			runOnlyForDeploymentPostprocessing = 0;
			shellPath = /bin/sh;
			shellScript = "\"${PODS_ROOT}/Target Support Files/Pods-Coding-Challenge-Coding-ChallengeUITests/Pods-Coding-Challenge-Coding-ChallengeUITests-frameworks.sh\"\n";
			showEnvVarsInLog = 0;
		};
		B92DEF6E3139E5CBB6783BBD /* [CP] Check Pods Manifest.lock */ = {
			isa = PBXShellScriptBuildPhase;
			buildActionMask = 2147483647;
			files = (
			);
			inputFileListPaths = (
			);
			inputPaths = (
				"${PODS_PODFILE_DIR_PATH}/Podfile.lock",
				"${PODS_ROOT}/Manifest.lock",
			);
			name = "[CP] Check Pods Manifest.lock";
			outputFileListPaths = (
			);
			outputPaths = (
				"$(DERIVED_FILE_DIR)/Pods-Coding-Challenge-checkManifestLockResult.txt",
			);
			runOnlyForDeploymentPostprocessing = 0;
			shellPath = /bin/sh;
			shellScript = "diff \"${PODS_PODFILE_DIR_PATH}/Podfile.lock\" \"${PODS_ROOT}/Manifest.lock\" > /dev/null\nif [ $? != 0 ] ; then\n    # print error to STDERR\n    echo \"error: The sandbox is not in sync with the Podfile.lock. Run 'pod install' or update your CocoaPods installation.\" >&2\n    exit 1\nfi\n# This output is used by Xcode 'outputs' to avoid re-running this script phase.\necho \"SUCCESS\" > \"${SCRIPT_OUTPUT_FILE_0}\"\n";
			showEnvVarsInLog = 0;
		};
/* End PBXShellScriptBuildPhase section */

/* Begin PBXSourcesBuildPhase section */
		BB41197926E3BF3F00969B7D /* Sources */ = {
			isa = PBXSourcesBuildPhase;
			buildActionMask = 2147483647;
			files = (
				BB4119DE26E41D1100969B7D /* NetworkLogger.swift in Sources */,
				BB4119DB26E41D1100969B7D /* HTTPTask.swift in Sources */,
				BB4119BA26E41A2C00969B7D /* NetworkConstants.swift in Sources */,
				BB41198526E3BF3F00969B7D /* ViewController.swift in Sources */,
				BB4119D726E41D1100969B7D /* URLParameterEncoding.swift in Sources */,
				BB4119C026E41B3600969B7D /* UIView+Border.swift in Sources */,
				BB4119BF26E41B3600969B7D /* UIViewController + Extension.swift in Sources */,
				BB4119F326E4C35600969B7D /* BaseViewModel.swift in Sources */,
				BB4119EB26E45CFB00969B7D /* TaxiCellViewModel.swift in Sources */,
				BB4119DD26E41D1100969B7D /* Router.swift in Sources */,
				BB41198126E3BF3F00969B7D /* AppDelegate.swift in Sources */,
				BB41198326E3BF3F00969B7D /* SceneDelegate.swift in Sources */,
				BB4119D626E41D1100969B7D /* ParameterEncoding.swift in Sources */,
				BB4119C526E41C2B00969B7D /* TaxiModel.swift in Sources */,
				BB4119B426E4181600969B7D /* ReachabilityHelper.swift in Sources */,
				BB4119B326E4181600969B7D /* Print.swift in Sources */,
				BB4119B726E419D700969B7D /* BaseViewController.swift in Sources */,
				BB4119E826E4448C00969B7D /* TaxiTableViewCell.swift in Sources */,
				BB4119EF26E4C1C100969B7D /* TaxiMapViewController.swift in Sources */,
				BB4119D926E41D1100969B7D /* NetworkManager.swift in Sources */,
				BB4119DC26E41D1100969B7D /* HTTPMethod.swift in Sources */,
				BB4119D826E41D1100969B7D /* JSONParameterEncoder.swift in Sources */,
				BB4119C126E41B3600969B7D /* UIView+CornerRadius.swift in Sources */,
				BB4119F126E4C27400969B7D /* TaxiViewModel.swift in Sources */,
				BB4119DA26E41D1100969B7D /* TaxiEndPoint.swift in Sources */,
				BB4119DF26E41D1100969B7D /* EndPointType.swift in Sources */,
			);
			runOnlyForDeploymentPostprocessing = 0;
		};
		BB41198F26E3BF4000969B7D /* Sources */ = {
			isa = PBXSourcesBuildPhase;
			buildActionMask = 2147483647;
			files = (
				BB41199826E3BF4000969B7D /* Coding_ChallengeTests.swift in Sources */,
			);
			runOnlyForDeploymentPostprocessing = 0;
		};
		BB41199A26E3BF4000969B7D /* Sources */ = {
			isa = PBXSourcesBuildPhase;
			buildActionMask = 2147483647;
			files = (
				BB4119A326E3BF4000969B7D /* Coding_ChallengeUITests.swift in Sources */,
			);
			runOnlyForDeploymentPostprocessing = 0;
		};
/* End PBXSourcesBuildPhase section */

/* Begin PBXTargetDependency section */
		BB41199526E3BF4000969B7D /* PBXTargetDependency */ = {
			isa = PBXTargetDependency;
			target = BB41197C26E3BF3F00969B7D /* Coding-Challenge */;
			targetProxy = BB41199426E3BF4000969B7D /* PBXContainerItemProxy */;
		};
		BB4119A026E3BF4000969B7D /* PBXTargetDependency */ = {
			isa = PBXTargetDependency;
			target = BB41197C26E3BF3F00969B7D /* Coding-Challenge */;
			targetProxy = BB41199F26E3BF4000969B7D /* PBXContainerItemProxy */;
		};
/* End PBXTargetDependency section */

/* Begin PBXVariantGroup section */
		BB41198626E3BF3F00969B7D /* Main.storyboard */ = {
			isa = PBXVariantGroup;
			children = (
				BB41198726E3BF3F00969B7D /* Base */,
			);
			name = Main.storyboard;
			sourceTree = "<group>";
		};
		BB41198B26E3BF4000969B7D /* LaunchScreen.storyboard */ = {
			isa = PBXVariantGroup;
			children = (
				BB41198C26E3BF4000969B7D /* Base */,
			);
			name = LaunchScreen.storyboard;
			sourceTree = "<group>";
		};
/* End PBXVariantGroup section */

/* Begin XCBuildConfiguration section */
		BB4119A526E3BF4000969B7D /* Debug */ = {
			isa = XCBuildConfiguration;
			buildSettings = {
				ALWAYS_SEARCH_USER_PATHS = NO;
				CLANG_ANALYZER_NONNULL = YES;
				CLANG_ANALYZER_NUMBER_OBJECT_CONVERSION = YES_AGGRESSIVE;
				CLANG_CXX_LANGUAGE_STANDARD = "gnu++14";
				CLANG_CXX_LIBRARY = "libc++";
				CLANG_ENABLE_MODULES = YES;
				CLANG_ENABLE_OBJC_ARC = YES;
				CLANG_ENABLE_OBJC_WEAK = YES;
				CLANG_WARN_BLOCK_CAPTURE_AUTORELEASING = YES;
				CLANG_WARN_BOOL_CONVERSION = YES;
				CLANG_WARN_COMMA = YES;
				CLANG_WARN_CONSTANT_CONVERSION = YES;
				CLANG_WARN_DEPRECATED_OBJC_IMPLEMENTATIONS = YES;
				CLANG_WARN_DIRECT_OBJC_ISA_USAGE = YES_ERROR;
				CLANG_WARN_DOCUMENTATION_COMMENTS = YES;
				CLANG_WARN_EMPTY_BODY = YES;
				CLANG_WARN_ENUM_CONVERSION = YES;
				CLANG_WARN_INFINITE_RECURSION = YES;
				CLANG_WARN_INT_CONVERSION = YES;
				CLANG_WARN_NON_LITERAL_NULL_CONVERSION = YES;
				CLANG_WARN_OBJC_IMPLICIT_RETAIN_SELF = YES;
				CLANG_WARN_OBJC_LITERAL_CONVERSION = YES;
				CLANG_WARN_OBJC_ROOT_CLASS = YES_ERROR;
				CLANG_WARN_QUOTED_INCLUDE_IN_FRAMEWORK_HEADER = YES;
				CLANG_WARN_RANGE_LOOP_ANALYSIS = YES;
				CLANG_WARN_STRICT_PROTOTYPES = YES;
				CLANG_WARN_SUSPICIOUS_MOVE = YES;
				CLANG_WARN_UNGUARDED_AVAILABILITY = YES_AGGRESSIVE;
				CLANG_WARN_UNREACHABLE_CODE = YES;
				CLANG_WARN__DUPLICATE_METHOD_MATCH = YES;
				COPY_PHASE_STRIP = NO;
				DEBUG_INFORMATION_FORMAT = dwarf;
				ENABLE_STRICT_OBJC_MSGSEND = YES;
				ENABLE_TESTABILITY = YES;
				GCC_C_LANGUAGE_STANDARD = gnu11;
				GCC_DYNAMIC_NO_PIC = NO;
				GCC_NO_COMMON_BLOCKS = YES;
				GCC_OPTIMIZATION_LEVEL = 0;
				GCC_PREPROCESSOR_DEFINITIONS = (
					"DEBUG=1",
					"$(inherited)",
				);
				GCC_WARN_64_TO_32_BIT_CONVERSION = YES;
				GCC_WARN_ABOUT_RETURN_TYPE = YES_ERROR;
				GCC_WARN_UNDECLARED_SELECTOR = YES;
				GCC_WARN_UNINITIALIZED_AUTOS = YES_AGGRESSIVE;
				GCC_WARN_UNUSED_FUNCTION = YES;
				GCC_WARN_UNUSED_VARIABLE = YES;
				IPHONEOS_DEPLOYMENT_TARGET = 14.5;
				MTL_ENABLE_DEBUG_INFO = INCLUDE_SOURCE;
				MTL_FAST_MATH = YES;
				ONLY_ACTIVE_ARCH = YES;
				SDKROOT = iphoneos;
				SWIFT_ACTIVE_COMPILATION_CONDITIONS = DEBUG;
				SWIFT_OPTIMIZATION_LEVEL = "-Onone";
			};
			name = Debug;
		};
		BB4119A626E3BF4000969B7D /* Release */ = {
			isa = XCBuildConfiguration;
			buildSettings = {
				ALWAYS_SEARCH_USER_PATHS = NO;
				CLANG_ANALYZER_NONNULL = YES;
				CLANG_ANALYZER_NUMBER_OBJECT_CONVERSION = YES_AGGRESSIVE;
				CLANG_CXX_LANGUAGE_STANDARD = "gnu++14";
				CLANG_CXX_LIBRARY = "libc++";
				CLANG_ENABLE_MODULES = YES;
				CLANG_ENABLE_OBJC_ARC = YES;
				CLANG_ENABLE_OBJC_WEAK = YES;
				CLANG_WARN_BLOCK_CAPTURE_AUTORELEASING = YES;
				CLANG_WARN_BOOL_CONVERSION = YES;
				CLANG_WARN_COMMA = YES;
				CLANG_WARN_CONSTANT_CONVERSION = YES;
				CLANG_WARN_DEPRECATED_OBJC_IMPLEMENTATIONS = YES;
				CLANG_WARN_DIRECT_OBJC_ISA_USAGE = YES_ERROR;
				CLANG_WARN_DOCUMENTATION_COMMENTS = YES;
				CLANG_WARN_EMPTY_BODY = YES;
				CLANG_WARN_ENUM_CONVERSION = YES;
				CLANG_WARN_INFINITE_RECURSION = YES;
				CLANG_WARN_INT_CONVERSION = YES;
				CLANG_WARN_NON_LITERAL_NULL_CONVERSION = YES;
				CLANG_WARN_OBJC_IMPLICIT_RETAIN_SELF = YES;
				CLANG_WARN_OBJC_LITERAL_CONVERSION = YES;
				CLANG_WARN_OBJC_ROOT_CLASS = YES_ERROR;
				CLANG_WARN_QUOTED_INCLUDE_IN_FRAMEWORK_HEADER = YES;
				CLANG_WARN_RANGE_LOOP_ANALYSIS = YES;
				CLANG_WARN_STRICT_PROTOTYPES = YES;
				CLANG_WARN_SUSPICIOUS_MOVE = YES;
				CLANG_WARN_UNGUARDED_AVAILABILITY = YES_AGGRESSIVE;
				CLANG_WARN_UNREACHABLE_CODE = YES;
				CLANG_WARN__DUPLICATE_METHOD_MATCH = YES;
				COPY_PHASE_STRIP = NO;
				DEBUG_INFORMATION_FORMAT = "dwarf-with-dsym";
				ENABLE_NS_ASSERTIONS = NO;
				ENABLE_STRICT_OBJC_MSGSEND = YES;
				GCC_C_LANGUAGE_STANDARD = gnu11;
				GCC_NO_COMMON_BLOCKS = YES;
				GCC_WARN_64_TO_32_BIT_CONVERSION = YES;
				GCC_WARN_ABOUT_RETURN_TYPE = YES_ERROR;
				GCC_WARN_UNDECLARED_SELECTOR = YES;
				GCC_WARN_UNINITIALIZED_AUTOS = YES_AGGRESSIVE;
				GCC_WARN_UNUSED_FUNCTION = YES;
				GCC_WARN_UNUSED_VARIABLE = YES;
				IPHONEOS_DEPLOYMENT_TARGET = 14.5;
				MTL_ENABLE_DEBUG_INFO = NO;
				MTL_FAST_MATH = YES;
				SDKROOT = iphoneos;
				SWIFT_COMPILATION_MODE = wholemodule;
				SWIFT_OPTIMIZATION_LEVEL = "-O";
				VALIDATE_PRODUCT = YES;
			};
			name = Release;
		};
		BB4119A826E3BF4000969B7D /* Debug */ = {
			isa = XCBuildConfiguration;
			baseConfigurationReference = 6D1FE53AFCCA67B2D54515B7 /* Pods-Coding-Challenge.debug.xcconfig */;
			buildSettings = {
				ASSETCATALOG_COMPILER_APPICON_NAME = AppIcon;
				ASSETCATALOG_COMPILER_GLOBAL_ACCENT_COLOR_NAME = AccentColor;
				CODE_SIGN_STYLE = Automatic;
				DEVELOPMENT_TEAM = TMJ8683P73;
				INFOPLIST_FILE = "Coding-Challenge/Info.plist";
				LD_RUNPATH_SEARCH_PATHS = (
					"$(inherited)",
					"@executable_path/Frameworks",
				);
				PRODUCT_BUNDLE_IDENTIFIER = "FreeNow.Coding-Challenge";
				PRODUCT_NAME = "$(TARGET_NAME)";
				SWIFT_VERSION = 5.0;
				TARGETED_DEVICE_FAMILY = "1,2";
			};
			name = Debug;
		};
		BB4119A926E3BF4000969B7D /* Release */ = {
			isa = XCBuildConfiguration;
			baseConfigurationReference = 8F7D432B98CB8C32F85EB016 /* Pods-Coding-Challenge.release.xcconfig */;
			buildSettings = {
				ASSETCATALOG_COMPILER_APPICON_NAME = AppIcon;
				ASSETCATALOG_COMPILER_GLOBAL_ACCENT_COLOR_NAME = AccentColor;
				CODE_SIGN_STYLE = Automatic;
				DEVELOPMENT_TEAM = TMJ8683P73;
				INFOPLIST_FILE = "Coding-Challenge/Info.plist";
				LD_RUNPATH_SEARCH_PATHS = (
					"$(inherited)",
					"@executable_path/Frameworks",
				);
				PRODUCT_BUNDLE_IDENTIFIER = "FreeNow.Coding-Challenge";
				PRODUCT_NAME = "$(TARGET_NAME)";
				SWIFT_VERSION = 5.0;
				TARGETED_DEVICE_FAMILY = "1,2";
			};
			name = Release;
		};
		BB4119AB26E3BF4000969B7D /* Debug */ = {
			isa = XCBuildConfiguration;
			baseConfigurationReference = DF36F09B48E6FD0D958113E6 /* Pods-Coding-ChallengeTests.debug.xcconfig */;
			buildSettings = {
				ALWAYS_EMBED_SWIFT_STANDARD_LIBRARIES = YES;
				BUNDLE_LOADER = "$(TEST_HOST)";
				CODE_SIGN_STYLE = Automatic;
				DEVELOPMENT_TEAM = TMJ8683P73;
				INFOPLIST_FILE = "Coding-ChallengeTests/Info.plist";
				IPHONEOS_DEPLOYMENT_TARGET = 14.5;
				LD_RUNPATH_SEARCH_PATHS = (
					"$(inherited)",
					"@executable_path/Frameworks",
					"@loader_path/Frameworks",
				);
				PRODUCT_BUNDLE_IDENTIFIER = "FreeNow.Coding-ChallengeTests";
				PRODUCT_NAME = "$(TARGET_NAME)";
				SWIFT_VERSION = 5.0;
				TARGETED_DEVICE_FAMILY = "1,2";
				TEST_HOST = "$(BUILT_PRODUCTS_DIR)/Coding-Challenge.app/Coding-Challenge";
			};
			name = Debug;
		};
		BB4119AC26E3BF4000969B7D /* Release */ = {
			isa = XCBuildConfiguration;
			baseConfigurationReference = B9D73229716EA8A4AAD60F9C /* Pods-Coding-ChallengeTests.release.xcconfig */;
			buildSettings = {
				ALWAYS_EMBED_SWIFT_STANDARD_LIBRARIES = YES;
				BUNDLE_LOADER = "$(TEST_HOST)";
				CODE_SIGN_STYLE = Automatic;
				DEVELOPMENT_TEAM = TMJ8683P73;
				INFOPLIST_FILE = "Coding-ChallengeTests/Info.plist";
				IPHONEOS_DEPLOYMENT_TARGET = 14.5;
				LD_RUNPATH_SEARCH_PATHS = (
					"$(inherited)",
					"@executable_path/Frameworks",
					"@loader_path/Frameworks",
				);
				PRODUCT_BUNDLE_IDENTIFIER = "FreeNow.Coding-ChallengeTests";
				PRODUCT_NAME = "$(TARGET_NAME)";
				SWIFT_VERSION = 5.0;
				TARGETED_DEVICE_FAMILY = "1,2";
				TEST_HOST = "$(BUILT_PRODUCTS_DIR)/Coding-Challenge.app/Coding-Challenge";
			};
			name = Release;
		};
		BB4119AE26E3BF4000969B7D /* Debug */ = {
			isa = XCBuildConfiguration;
			baseConfigurationReference = 405BD46207DA668CA18D5906 /* Pods-Coding-Challenge-Coding-ChallengeUITests.debug.xcconfig */;
			buildSettings = {
				ALWAYS_EMBED_SWIFT_STANDARD_LIBRARIES = YES;
				CODE_SIGN_STYLE = Automatic;
				DEVELOPMENT_TEAM = TMJ8683P73;
				INFOPLIST_FILE = "Coding-ChallengeUITests/Info.plist";
				LD_RUNPATH_SEARCH_PATHS = (
					"$(inherited)",
					"@executable_path/Frameworks",
					"@loader_path/Frameworks",
				);
				PRODUCT_BUNDLE_IDENTIFIER = "FreeNow.Coding-ChallengeUITests";
				PRODUCT_NAME = "$(TARGET_NAME)";
				SWIFT_VERSION = 5.0;
				TARGETED_DEVICE_FAMILY = "1,2";
				TEST_TARGET_NAME = "Coding-Challenge";
			};
			name = Debug;
		};
		BB4119AF26E3BF4000969B7D /* Release */ = {
			isa = XCBuildConfiguration;
			baseConfigurationReference = 398326C798803F8F9FEA990E /* Pods-Coding-Challenge-Coding-ChallengeUITests.release.xcconfig */;
			buildSettings = {
				ALWAYS_EMBED_SWIFT_STANDARD_LIBRARIES = YES;
				CODE_SIGN_STYLE = Automatic;
				DEVELOPMENT_TEAM = TMJ8683P73;
				INFOPLIST_FILE = "Coding-ChallengeUITests/Info.plist";
				LD_RUNPATH_SEARCH_PATHS = (
					"$(inherited)",
					"@executable_path/Frameworks",
					"@loader_path/Frameworks",
				);
				PRODUCT_BUNDLE_IDENTIFIER = "FreeNow.Coding-ChallengeUITests";
				PRODUCT_NAME = "$(TARGET_NAME)";
				SWIFT_VERSION = 5.0;
				TARGETED_DEVICE_FAMILY = "1,2";
				TEST_TARGET_NAME = "Coding-Challenge";
			};
			name = Release;
		};
/* End XCBuildConfiguration section */

/* Begin XCConfigurationList section */
		BB41197826E3BF3F00969B7D /* Build configuration list for PBXProject "Coding-Challenge" */ = {
			isa = XCConfigurationList;
			buildConfigurations = (
				BB4119A526E3BF4000969B7D /* Debug */,
				BB4119A626E3BF4000969B7D /* Release */,
			);
			defaultConfigurationIsVisible = 0;
			defaultConfigurationName = Release;
		};
		BB4119A726E3BF4000969B7D /* Build configuration list for PBXNativeTarget "Coding-Challenge" */ = {
			isa = XCConfigurationList;
			buildConfigurations = (
				BB4119A826E3BF4000969B7D /* Debug */,
				BB4119A926E3BF4000969B7D /* Release */,
			);
			defaultConfigurationIsVisible = 0;
			defaultConfigurationName = Release;
		};
		BB4119AA26E3BF4000969B7D /* Build configuration list for PBXNativeTarget "Coding-ChallengeTests" */ = {
			isa = XCConfigurationList;
			buildConfigurations = (
				BB4119AB26E3BF4000969B7D /* Debug */,
				BB4119AC26E3BF4000969B7D /* Release */,
			);
			defaultConfigurationIsVisible = 0;
			defaultConfigurationName = Release;
		};
		BB4119AD26E3BF4000969B7D /* Build configuration list for PBXNativeTarget "Coding-ChallengeUITests" */ = {
			isa = XCConfigurationList;
			buildConfigurations = (
				BB4119AE26E3BF4000969B7D /* Debug */,
				BB4119AF26E3BF4000969B7D /* Release */,
			);
			defaultConfigurationIsVisible = 0;
			defaultConfigurationName = Release;
		};
/* End XCConfigurationList section */
	};
	rootObject = BB41197526E3BF3F00969B7D /* Project object */;
}
